
Microsoft Visual Studio Solution File, Format Version 12.00
# Visual Studio 15
VisualStudioVersion = 15.0.28010.2016
MinimumVisualStudioVersion = 10.0.40219.1
Project("{FAE04EC0-301F-11D3-BF4B-00C04F79EFBC}") = "Pets", "Pets\Pets.csproj", "{90B31E86-BA3D-4577-887B-6F9AE138A94E}"
EndProject
Global
	GlobalSection(SolutionConfigurationPlatforms) = preSolution
		Debug|Any CPU = Debug|Any CPU
		Release|Any CPU = Release|Any CPU
	EndGlobalSection
	GlobalSection(ProjectConfigurationPlatforms) = postSolution
		{90B31E86-BA3D-4577-887B-6F9AE138A94E}.Debug|Any CPU.ActiveCfg = Debug|Any CPU
		{90B31E86-BA3D-4577-887B-6F9AE138A94E}.Debug|Any CPU.Build.0 = Debug|Any CPU
		{90B31E86-BA3D-4577-887B-6F9AE138A94E}.Release|Any CPU.ActiveCfg = Release|Any CPU
		{90B31E86-BA3D-4577-887B-6F9AE138A94E}.Release|Any CPU.Build.0 = Release|Any CPU
	EndGlobalSection
	GlobalSection(SolutionProperties) = preSolution
		HideSolutionNode = FALSE
	EndGlobalSection
	GlobalSection(ExtensibilityGlobals) = postSolution
		SolutionGuid = {136E4C71-40CD-4BAE-9C15-CCCE49098FAB}
	EndGlobalSection
EndGlobal
